
Microsoft Visual Studio Solution File, Format Version 12.00
# Visual Studio Version 17
VisualStudioVersion = 17.11.35327.3
MinimumVisualStudioVersion = 10.0.40219.1
Project("{FAE04EC0-301F-11D3-BF4B-00C04F79EFBC}") = "odevSon", "odevSon\odevSon.csproj", "{80C3B63C-064E-4A16-A074-716199F26370}"
EndProject
Global
	GlobalSection(SolutionConfigurationPlatforms) = preSolution
		Debug|Any CPU = Debug|Any CPU
		Release|Any CPU = Release|Any CPU
	EndGlobalSection
	GlobalSection(ProjectConfigurationPlatforms) = postSolution
		{80C3B63C-064E-4A16-A074-716199F26370}.Debug|Any CPU.ActiveCfg = Debug|Any CPU
		{80C3B63C-064E-4A16-A074-716199F26370}.Debug|Any CPU.Build.0 = Debug|Any CPU
		{80C3B63C-064E-4A16-A074-716199F26370}.Release|Any CPU.ActiveCfg = Release|Any CPU
		{80C3B63C-064E-4A16-A074-716199F26370}.Release|Any CPU.Build.0 = Release|Any CPU
	EndGlobalSection
	GlobalSection(SolutionProperties) = preSolution
		HideSolutionNode = FALSE
	EndGlobalSection
	GlobalSection(ExtensibilityGlobals) = postSolution
		SolutionGuid = {B906A11B-5331-4067-8840-E4B87CA25EB2}
	EndGlobalSection
EndGlobal
